
Microsoft Visual Studio Solution File, Format Version 12.00
# Visual Studio 15
VisualStudioVersion = 15.0.27130.2010
MinimumVisualStudioVersion = 10.0.40219.1
Project("{9A19103F-16F7-4668-BE54-9A1E7A4F7556}") = "MonoGSoCIdeasPage", "MonoGSoCIdeasPage.csproj", "{FC96A239-6301-46AD-85F2-A3648285DC57}"
EndProject
Global
	GlobalSection(SolutionConfigurationPlatforms) = preSolution
		Debug|Any CPU = Debug|Any CPU
		Release|Any CPU = Release|Any CPU
	EndGlobalSection
	GlobalSection(ProjectConfigurationPlatforms) = postSolution
		{FC96A239-6301-46AD-85F2-A3648285DC57}.Debug|Any CPU.ActiveCfg = Debug|Any CPU
		{FC96A239-6301-46AD-85F2-A3648285DC57}.Debug|Any CPU.Build.0 = Debug|Any CPU
		{FC96A239-6301-46AD-85F2-A3648285DC57}.Release|Any CPU.ActiveCfg = Release|Any CPU
		{FC96A239-6301-46AD-85F2-A3648285DC57}.Release|Any CPU.Build.0 = Release|Any CPU
	EndGlobalSection
	GlobalSection(SolutionProperties) = preSolution
		HideSolutionNode = FALSE
	EndGlobalSection
	GlobalSection(ExtensibilityGlobals) = postSolution
		SolutionGuid = {FB2644AF-BF50-4226-9B39-B914C1DF7162}
	EndGlobalSection
	GlobalSection(MonoDevelopProperties) = preSolution
		Policies = $0
		$0.TextStylePolicy = $3
		$1.inheritsSet = VisualStudio
		$1.scope = text/x-csharp
		$1.TabsToSpaces = False
		$1.inheritsScope = text/plain
		$0.CSharpFormattingPolicy = $2
		$2.inheritsSet = Mono
		$2.inheritsScope = text/x-csharp
		$2.scope = text/x-csharp
		$3.FileWidth = 120
		$3.TabsToSpaces = False
		$3.inheritsSet = VisualStudio
		$3.inheritsScope = text/plain
		$3.scope = text/plain
	EndGlobalSection
EndGlobal
